
Microsoft Visual Studio Solution File, Format Version 12.00
# Visual Studio Version 17
VisualStudioVersion = 17.0.31903.59
MinimumVisualStudioVersion = 10.0.40219.1
Project("{FAE04EC0-301F-11D3-BF4B-00C04F79EFBC}") = "BigBrother", "BigBrother\BigBrother.csproj", "{CE0D3E53-575A-4823-919F-D33684998897}"
EndProject
Project("{2150E333-8FDC-42A3-9474-1A3956D46DE8}") = "Eris", "Eris", "{0477A82E-4B73-4250-A9BF-83C51B347965}"
EndProject
Project("{FAE04EC0-301F-11D3-BF4B-00C04F79EFBC}") = "Eris", "Eris\Eris\Eris.csproj", "{F611B2AE-EB9D-4055-B187-D1CFCAFDCA51}"
EndProject
Global
	GlobalSection(SolutionConfigurationPlatforms) = preSolution
		Debug|Any CPU = Debug|Any CPU
		Release|Any CPU = Release|Any CPU
	EndGlobalSection
	GlobalSection(SolutionProperties) = preSolution
		HideSolutionNode = FALSE
	EndGlobalSection
	GlobalSection(ProjectConfigurationPlatforms) = postSolution
		{CE0D3E53-575A-4823-919F-D33684998897}.Debug|Any CPU.ActiveCfg = Debug|Any CPU
		{CE0D3E53-575A-4823-919F-D33684998897}.Debug|Any CPU.Build.0 = Debug|Any CPU
		{CE0D3E53-575A-4823-919F-D33684998897}.Release|Any CPU.ActiveCfg = Release|Any CPU
		{CE0D3E53-575A-4823-919F-D33684998897}.Release|Any CPU.Build.0 = Release|Any CPU
		{F611B2AE-EB9D-4055-B187-D1CFCAFDCA51}.Debug|Any CPU.ActiveCfg = Debug|Any CPU
		{F611B2AE-EB9D-4055-B187-D1CFCAFDCA51}.Debug|Any CPU.Build.0 = Debug|Any CPU
		{F611B2AE-EB9D-4055-B187-D1CFCAFDCA51}.Release|Any CPU.ActiveCfg = Release|Any CPU
		{F611B2AE-EB9D-4055-B187-D1CFCAFDCA51}.Release|Any CPU.Build.0 = Release|Any CPU
	EndGlobalSection
	GlobalSection(NestedProjects) = preSolution
		{F611B2AE-EB9D-4055-B187-D1CFCAFDCA51} = {0477A82E-4B73-4250-A9BF-83C51B347965}
	EndGlobalSection
EndGlobal
